
Microsoft Visual Studio Solution File, Format Version 12.00
# Visual Studio 15
VisualStudioVersion = 15.0.27130.2026
MinimumVisualStudioVersion = 10.0.40219.1
Project("{888888A0-9F3D-457C-B088-3A5042F75D52}") = "dark_gui", "dark_gui\dark_gui.pyproj", "{91B80579-30E0-4EF2-9EAD-60AAF7BE4D2A}"
EndProject
Global
	GlobalSection(SolutionConfigurationPlatforms) = preSolution
		Debug|Any CPU = Debug|Any CPU
		Release|Any CPU = Release|Any CPU
	EndGlobalSection
	GlobalSection(ProjectConfigurationPlatforms) = postSolution
		{91B80579-30E0-4EF2-9EAD-60AAF7BE4D2A}.Debug|Any CPU.ActiveCfg = Debug|Any CPU
		{91B80579-30E0-4EF2-9EAD-60AAF7BE4D2A}.Release|Any CPU.ActiveCfg = Release|Any CPU
	EndGlobalSection
	GlobalSection(SolutionProperties) = preSolution
		HideSolutionNode = FALSE
	EndGlobalSection
	GlobalSection(ExtensibilityGlobals) = postSolution
		SolutionGuid = {87124F14-9AD5-4115-A451-B9AF0CB05030}
	EndGlobalSection
EndGlobal
