
Microsoft Visual Studio Solution File, Format Version 12.00
# Visual Studio 15
VisualStudioVersion = 15.0.27130.2026
MinimumVisualStudioVersion = 10.0.40219.1
Project("{888888A0-9F3D-457C-B088-3A5042F75D52}") = "GUI_practice", "GUI_practice\GUI_practice.pyproj", "{2D9E86E5-FE0B-4C08-997E-B46D965A0899}"
EndProject
Global
	GlobalSection(SolutionConfigurationPlatforms) = preSolution
		Debug|Any CPU = Debug|Any CPU
		Release|Any CPU = Release|Any CPU
	EndGlobalSection
	GlobalSection(ProjectConfigurationPlatforms) = postSolution
		{2D9E86E5-FE0B-4C08-997E-B46D965A0899}.Debug|Any CPU.ActiveCfg = Debug|Any CPU
		{2D9E86E5-FE0B-4C08-997E-B46D965A0899}.Release|Any CPU.ActiveCfg = Release|Any CPU
	EndGlobalSection
	GlobalSection(SolutionProperties) = preSolution
		HideSolutionNode = FALSE
	EndGlobalSection
	GlobalSection(ExtensibilityGlobals) = postSolution
		SolutionGuid = {080E6B00-DDCA-4D4E-A340-04A357A97ED1}
	EndGlobalSection
EndGlobal
